# THIS IS AN AUTOGENERATED FILE. DO NOT EDIT THIS FILE DIRECTLY.
# yarn lockfile v1


"@aws-crypto/crc32@3.0.0":
  version "3.0.0"
  resolved "https://registry.yarnpkg.com/@aws-crypto/crc32/-/crc32-3.0.0.tgz#07300eca214409c33e3ff769cd5697b57fdd38fa"
  integrity sha512-IzSgsrxUcsrejQbPVilIKy16kAT52EwB6zSaI+M3xxIhKh5+aldEyvI+z6erM7TCLB2BJsFrtHjp6/4/sr+3dA==
  dependencies:
    "@aws-crypto/util" "^3.0.0"
    "@aws-sdk/types" "^3.222.0"
    tslib "^1.11.1"

"@aws-crypto/ie11-detection@^3.0.0":
  version "3.0.0"
  resolved "https://registry.yarnpkg.com/@aws-crypto/ie11-detection/-/ie11-detection-3.0.0.tgz#640ae66b4ec3395cee6a8e94ebcd9f80c24cd688"
  integrity sha512-341lBBkiY1DfDNKai/wXM3aujNBkXR7tq1URPQDL9wi3AUbI80NR74uF1TXHMm7po1AcnFk8iu2S2IeU/+/A+Q==
  dependencies:
    tslib "^1.11.1"

"@aws-crypto/sha256-browser@3.0.0":
  version "3.0.0"
  resolved "https://registry.yarnpkg.com/@aws-crypto/sha256-browser/-/sha256-browser-3.0.0.tgz#05f160138ab893f1c6ba5be57cfd108f05827766"
  integrity sha512-8VLmW2B+gjFbU5uMeqtQM6Nj0/F1bro80xQXCW6CQBWgosFWXTx77aeOF5CAIAmbOK64SdMBJdNr6J41yP5mvQ==
  dependencies:
    "@aws-crypto/ie11-detection" "^3.0.0"
    "@aws-crypto/sha256-js" "^3.0.0"
    "@aws-crypto/supports-web-crypto" "^3.0.0"
    "@aws-crypto/util" "^3.0.0"
    "@aws-sdk/types" "^3.222.0"
    "@aws-sdk/util-locate-window" "^3.0.0"
    "@aws-sdk/util-utf8-browser" "^3.0.0"
    tslib "^1.11.1"

"@aws-crypto/sha256-js@3.0.0", "@aws-crypto/sha256-js@^3.0.0":
  version "3.0.0"
  resolved "https://registry.yarnpkg.com/@aws-crypto/sha256-js/-/sha256-js-3.0.0.tgz#f06b84d550d25521e60d2a0e2a90139341e007c2"
  integrity sha512-PnNN7os0+yd1XvXAy23CFOmTbMaDxgxXtTKHybrJ39Y8kGzBATgBFibWJKH6BhytLI/Zyszs87xCOBNyBig6vQ==
  dependencies:
    "@aws-crypto/util" "^3.0.0"
    "@aws-sdk/types" "^3.222.0"
    tslib "^1.11.1"

"@aws-crypto/supports-web-crypto@^3.0.0":
  version "3.0.0"
  resolved "https://registry.yarnpkg.com/@aws-crypto/supports-web-crypto/-/supports-web-crypto-3.0.0.tgz#5d1bf825afa8072af2717c3e455f35cda0103ec2"
  integrity sha512-06hBdMwUAb2WFTuGG73LSC0wfPu93xWwo5vL2et9eymgmu3Id5vFAHBbajVWiGhPO37qcsdCap/FqXvJGJWPIg==
  dependencies:
    tslib "^1.11.1"

"@aws-crypto/util@^3.0.0":
  version "3.0.0"
  resolved "https://registry.yarnpkg.com/@aws-crypto/util/-/util-3.0.0.tgz#1c7ca90c29293f0883468ad48117937f0fe5bfb0"
  integrity sha512-2OJlpeJpCR48CC8r+uKVChzs9Iungj9wkZrl8Z041DWEWvyIHILYKCPNzJghKsivj+S3mLo6BVc7mBNzdxA46w==
  dependencies:
    "@aws-sdk/types" "^3.222.0"
    "@aws-sdk/util-utf8-browser" "^3.0.0"
    tslib "^1.11.1"

"@aws-sdk/client-dynamodb@3.x":
  version "3.395.0"
  resolved "https://registry.yarnpkg.com/@aws-sdk/client-dynamodb/-/client-dynamodb-3.395.0.tgz#45e4182043c07ffb7abd0de11b00855844e20a6c"
  integrity sha512-wBwiX27kirnYEBmHSg2xQ9KirFtR0W+JF8q+QfRpUtXNpIjQ3qgcZVbx7Jhha0LNXK2erk29Q3YtQl7xlnpZwg==
  dependencies:
    "@aws-crypto/sha256-browser" "3.0.0"
    "@aws-crypto/sha256-js" "3.0.0"
    "@aws-sdk/client-sts" "3.395.0"
    "@aws-sdk/credential-provider-node" "3.395.0"
    "@aws-sdk/middleware-endpoint-discovery" "3.391.0"
    "@aws-sdk/middleware-host-header" "3.391.0"
    "@aws-sdk/middleware-logger" "3.391.0"
    "@aws-sdk/middleware-recursion-detection" "3.391.0"
    "@aws-sdk/middleware-signing" "3.391.0"
    "@aws-sdk/middleware-user-agent" "3.391.0"
    "@aws-sdk/types" "3.391.0"
    "@aws-sdk/util-endpoints" "3.391.0"
    "@aws-sdk/util-user-agent-browser" "3.391.0"
    "@aws-sdk/util-user-agent-node" "3.391.0"
    "@smithy/config-resolver" "^2.0.3"
    "@smithy/fetch-http-handler" "^2.0.3"
    "@smithy/hash-node" "^2.0.3"
    "@smithy/invalid-dependency" "^2.0.3"
    "@smithy/middleware-content-length" "^2.0.3"
    "@smithy/middleware-endpoint" "^2.0.3"
    "@smithy/middleware-retry" "^2.0.3"
    "@smithy/middleware-serde" "^2.0.3"
    "@smithy/middleware-stack" "^2.0.0"
    "@smithy/node-config-provider" "^2.0.3"
    "@smithy/node-http-handler" "^2.0.3"
    "@smithy/protocol-http" "^2.0.3"
    "@smithy/smithy-client" "^2.0.3"
    "@smithy/types" "^2.2.0"
    "@smithy/url-parser" "^2.0.3"
    "@smithy/util-base64" "^2.0.0"
    "@smithy/util-body-length-browser" "^2.0.0"
    "@smithy/util-body-length-node" "^2.0.0"
    "@smithy/util-defaults-mode-browser" "^2.0.3"
    "@smithy/util-defaults-mode-node" "^2.0.3"
    "@smithy/util-retry" "^2.0.0"
    "@smithy/util-utf8" "^2.0.0"
    "@smithy/util-waiter" "^2.0.3"
    tslib "^2.5.0"
    uuid "^8.3.2"

"@aws-sdk/client-sso@3.395.0":
  version "3.395.0"
  resolved "https://registry.yarnpkg.com/@aws-sdk/client-sso/-/client-sso-3.395.0.tgz#9604d3e6c131a48bd3e2421cb0eefc36faa50fc6"
  integrity sha512-IEmqpZnflzFk6NTlkRpEXIcU2uBrTYl+pA5z4ZerbKclYWuxJ7MoLtLDNWgIn3mkNxvdroWgaPY1B2dkQlTe4g==
  dependencies:
    "@aws-crypto/sha256-browser" "3.0.0"
    "@aws-crypto/sha256-js" "3.0.0"
    "@aws-sdk/middleware-host-header" "3.391.0"
    "@aws-sdk/middleware-logger" "3.391.0"
    "@aws-sdk/middleware-recursion-detection" "3.391.0"
    "@aws-sdk/middleware-user-agent" "3.391.0"
    "@aws-sdk/types" "3.391.0"
    "@aws-sdk/util-endpoints" "3.391.0"
    "@aws-sdk/util-user-agent-browser" "3.391.0"
    "@aws-sdk/util-user-agent-node" "3.391.0"
    "@smithy/config-resolver" "^2.0.3"
    "@smithy/fetch-http-handler" "^2.0.3"
    "@smithy/hash-node" "^2.0.3"
    "@smithy/invalid-dependency" "^2.0.3"
    "@smithy/middleware-content-length" "^2.0.3"
    "@smithy/middleware-endpoint" "^2.0.3"
    "@smithy/middleware-retry" "^2.0.3"
    "@smithy/middleware-serde" "^2.0.3"
    "@smithy/middleware-stack" "^2.0.0"
    "@smithy/node-config-provider" "^2.0.3"
    "@smithy/node-http-handler" "^2.0.3"
    "@smithy/protocol-http" "^2.0.3"
    "@smithy/smithy-client" "^2.0.3"
    "@smithy/types" "^2.2.0"
    "@smithy/url-parser" "^2.0.3"
    "@smithy/util-base64" "^2.0.0"
    "@smithy/util-body-length-browser" "^2.0.0"
    "@smithy/util-body-length-node" "^2.0.0"
    "@smithy/util-defaults-mode-browser" "^2.0.3"
    "@smithy/util-defaults-mode-node" "^2.0.3"
    "@smithy/util-retry" "^2.0.0"
    "@smithy/util-utf8" "^2.0.0"
    tslib "^2.5.0"

"@aws-sdk/client-sts@3.395.0":
  version "3.395.0"
  resolved "https://registry.yarnpkg.com/@aws-sdk/client-sts/-/client-sts-3.395.0.tgz#b70374b8ce171e2251fd8bbba71c8c1a13eed1c8"
  integrity sha512-zWxZ+pjeP88uRN4k0Zzid6t/8Yhzg1Cv2LnrYX6kZzbS6AOTDho7fVGZgUl+cme33QZhtE8pXUvwGeJAptbhqg==
  dependencies:
    "@aws-crypto/sha256-browser" "3.0.0"
    "@aws-crypto/sha256-js" "3.0.0"
    "@aws-sdk/credential-provider-node" "3.395.0"
    "@aws-sdk/middleware-host-header" "3.391.0"
    "@aws-sdk/middleware-logger" "3.391.0"
    "@aws-sdk/middleware-recursion-detection" "3.391.0"
    "@aws-sdk/middleware-sdk-sts" "3.391.0"
    "@aws-sdk/middleware-signing" "3.391.0"
    "@aws-sdk/middleware-user-agent" "3.391.0"
    "@aws-sdk/types" "3.391.0"
    "@aws-sdk/util-endpoints" "3.391.0"
    "@aws-sdk/util-user-agent-browser" "3.391.0"
    "@aws-sdk/util-user-agent-node" "3.391.0"
    "@smithy/config-resolver" "^2.0.3"
    "@smithy/fetch-http-handler" "^2.0.3"
    "@smithy/hash-node" "^2.0.3"
    "@smithy/invalid-dependency" "^2.0.3"
    "@smithy/middleware-content-length" "^2.0.3"
    "@smithy/middleware-endpoint" "^2.0.3"
    "@smithy/middleware-retry" "^2.0.3"
    "@smithy/middleware-serde" "^2.0.3"
    "@smithy/middleware-stack" "^2.0.0"
    "@smithy/node-config-provider" "^2.0.3"
    "@smithy/node-http-handler" "^2.0.3"
    "@smithy/protocol-http" "^2.0.3"
    "@smithy/smithy-client" "^2.0.3"
    "@smithy/types" "^2.2.0"
    "@smithy/url-parser" "^2.0.3"
    "@smithy/util-base64" "^2.0.0"
    "@smithy/util-body-length-browser" "^2.0.0"
    "@smithy/util-body-length-node" "^2.0.0"
    "@smithy/util-defaults-mode-browser" "^2.0.3"
    "@smithy/util-defaults-mode-node" "^2.0.3"
    "@smithy/util-retry" "^2.0.0"
    "@smithy/util-utf8" "^2.0.0"
    fast-xml-parser "4.2.5"
    tslib "^2.5.0"

"@aws-sdk/credential-provider-env@3.391.0":
  version "3.391.0"
  resolved "https://registry.yarnpkg.com/@aws-sdk/credential-provider-env/-/credential-provider-env-3.391.0.tgz#95ee11d77572809f4d88b3e219b9685625612d66"
  integrity sha512-mAzICedcg4bfL0mM5O6QTd9mQ331NLse1DMr6XL21ZZiLB48ej19L7AGV2xq5QwVbqKU3IVv1myRyhvpDM9jMg==
  dependencies:
    "@aws-sdk/types" "3.391.0"
    "@smithy/property-provider" "^2.0.0"
    "@smithy/types" "^2.2.0"
    tslib "^2.5.0"

"@aws-sdk/credential-provider-ini@3.395.0":
  version "3.395.0"
  resolved "https://registry.yarnpkg.com/@aws-sdk/credential-provider-ini/-/credential-provider-ini-3.395.0.tgz#d8d85300bcf3888a09c95700a5d5a24e10a44def"
  integrity sha512-t7cWs+syJsSkj9NGdKyZ1t/+nYQyOec2nPjTtPWwKs8D7rvH3IMIgJwkvAGNzYaiIoIpXXx0wgCqys84TSEIYQ==
  dependencies:
    "@aws-sdk/credential-provider-env" "3.391.0"
    "@aws-sdk/credential-provider-process" "3.391.0"
    "@aws-sdk/credential-provider-sso" "3.395.0"
    "@aws-sdk/credential-provider-web-identity" "3.391.0"
    "@aws-sdk/types" "3.391.0"
    "@smithy/credential-provider-imds" "^2.0.0"
    "@smithy/property-provider" "^2.0.0"
    "@smithy/shared-ini-file-loader" "^2.0.0"
    "@smithy/types" "^2.2.0"
    tslib "^2.5.0"

"@aws-sdk/credential-provider-node@3.395.0":
  version "3.395.0"
  resolved "https://registry.yarnpkg.com/@aws-sdk/credential-provider-node/-/credential-provider-node-3.395.0.tgz#79ebf5c9c9245a07ef8d9cf88b3083f35c239628"
  integrity sha512-qJawWTYf5L7Z1Is0sSJEYc4e96Qd0HWGqluO2h9qoUNrRREZ9RSxsDq+LGxVVAYLupYFcIFtiCnA/MoBBIWhzg==
  dependencies:
    "@aws-sdk/credential-provider-env" "3.391.0"
    "@aws-sdk/credential-provider-ini" "3.395.0"
    "@aws-sdk/credential-provider-process" "3.391.0"
    "@aws-sdk/credential-provider-sso" "3.395.0"
    "@aws-sdk/credential-provider-web-identity" "3.391.0"
    "@aws-sdk/types" "3.391.0"
    "@smithy/credential-provider-imds" "^2.0.0"
    "@smithy/property-provider" "^2.0.0"
    "@smithy/shared-ini-file-loader" "^2.0.0"
    "@smithy/types" "^2.2.0"
    tslib "^2.5.0"

"@aws-sdk/credential-provider-process@3.391.0":
  version "3.391.0"
  resolved "https://registry.yarnpkg.com/@aws-sdk/credential-provider-process/-/credential-provider-process-3.391.0.tgz#7f008fa719680dfeab35d77fa6787b7b31b62143"
  integrity sha512-KMlzPlBI+hBmXDo+EoFZdLgCVRkRa9B9iEE6x0+hQQ6g9bW6HI7cDRVdceR1ZoPasSaNAZ9QOXMTIBxTpn0sPQ==
  dependencies:
    "@aws-sdk/types" "3.391.0"
    "@smithy/property-provider" "^2.0.0"
    "@smithy/shared-ini-file-loader" "^2.0.0"
    "@smithy/types" "^2.2.0"
    tslib "^2.5.0"

"@aws-sdk/credential-provider-sso@3.395.0":
  version "3.395.0"
  resolved "https://registry.yarnpkg.com/@aws-sdk/credential-provider-sso/-/credential-provider-sso-3.395.0.tgz#b3362c6afd72b52ce9438c1715f3ed90358cd355"
  integrity sha512-wAoHG9XqO0L8TvJv4cjwN/2XkYskp0cbnupKKTJm+D29MYcctKEtL0aYOHxaNN2ECAYxIFIQDdlo62GKb3nJ5Q==
  dependencies:
    "@aws-sdk/client-sso" "3.395.0"
    "@aws-sdk/token-providers" "3.391.0"
    "@aws-sdk/types" "3.391.0"
    "@smithy/property-provider" "^2.0.0"
    "@smithy/shared-ini-file-loader" "^2.0.0"
    "@smithy/types" "^2.2.0"
    tslib "^2.5.0"

"@aws-sdk/credential-provider-web-identity@3.391.0":
  version "3.391.0"
  resolved "https://registry.yarnpkg.com/@aws-sdk/credential-provider-web-identity/-/credential-provider-web-identity-3.391.0.tgz#c27aa6f2a215601a444ad7e3259f3ed55ccb39e7"
  integrity sha512-n0vYg82B8bc4rxKltVbVqclev7hx+elyS9pEnZs3YbnbWJq0qqsznXmDfLqd1TcWpa09PGXcah0nsRDolVThsA==
  dependencies:
    "@aws-sdk/types" "3.391.0"
    "@smithy/property-provider" "^2.0.0"
    "@smithy/types" "^2.2.0"
    tslib "^2.5.0"

"@aws-sdk/endpoint-cache@3.310.0":
  version "3.310.0"
  resolved "https://registry.yarnpkg.com/@aws-sdk/endpoint-cache/-/endpoint-cache-3.310.0.tgz#e6f84bfcd55462966811390ef797145559bab15a"
  integrity sha512-y3wipforet41EDTI0vnzxILqwAGll1KfI5qcdX9pXF/WF1f+3frcOtPiWtQEZQpy4czRogKm3BHo70QBYAZxlQ==
  dependencies:
    mnemonist "0.38.3"
    tslib "^2.5.0"

"@aws-sdk/lib-dynamodb@3.x":
  version "3.395.0"
  resolved "https://registry.yarnpkg.com/@aws-sdk/lib-dynamodb/-/lib-dynamodb-3.395.0.tgz#6c1eedd9bb5289a5762103133390866c47e27a88"
  integrity sha512-HNOx+XmG3RXVOj2Z9oH0fDmE6bYmQND5WgVHfYOx7xqRWHEOyt8cNlZVktzPiK9XDNNQbG2qm98ux8We2e44eA==
  dependencies:
    "@aws-sdk/util-dynamodb" "3.395.0"
    tslib "^2.5.0"

"@aws-sdk/middleware-endpoint-discovery@3.391.0":
  version "3.391.0"
  resolved "https://registry.yarnpkg.com/@aws-sdk/middleware-endpoint-discovery/-/middleware-endpoint-discovery-3.391.0.tgz#aaa527656561905a45a8fc06d941ecf2097c39af"
  integrity sha512-HoqCuhRyBqDikVBuXwYRRxuTrMpYpg6LBGR3F9Zhdu+18AUui9eUIEd2VazHSq5uojeVhPrdlbB8sxT5TJWNlQ==
  dependencies:
    "@aws-sdk/endpoint-cache" "3.310.0"
    "@aws-sdk/types" "3.391.0"
    "@smithy/protocol-http" "^2.0.3"
    "@smithy/types" "^2.2.0"
    tslib "^2.5.0"

"@aws-sdk/middleware-host-header@3.391.0":
  version "3.391.0"
  resolved "https://registry.yarnpkg.com/@aws-sdk/middleware-host-header/-/middleware-host-header-3.391.0.tgz#80e9745880b671562ff115cd189ea929da51acc3"
  integrity sha512-+nyNr0rb2ixY7mU48nibr7L7gsw37y4oELhqgnNKhcjZDJ34imBwKIMFa64n21FdftmhcjR8IdSpzXE9xrkJ8g==
  dependencies:
    "@aws-sdk/types" "3.391.0"
    "@smithy/protocol-http" "^2.0.3"
    "@smithy/types" "^2.2.0"
    tslib "^2.5.0"

"@aws-sdk/middleware-logger@3.391.0":
  version "3.391.0"
  resolved "https://registry.yarnpkg.com/@aws-sdk/middleware-logger/-/middleware-logger-3.391.0.tgz#b0c61b3599dc9efddb6182337eb6362e3712dadc"
  integrity sha512-KOwl5zo16b17JDhqILHBStccBQ2w35em7+/6vdkJdUII6OU8aVIFTlIQT9wOUvd4do6biIRBMZG3IK0Rg7mRDQ==
  dependencies:
    "@aws-sdk/types" "3.391.0"
    "@smithy/types" "^2.2.0"
    tslib "^2.5.0"

"@aws-sdk/middleware-recursion-detection@3.391.0":
  version "3.391.0"
  resolved "https://registry.yarnpkg.com/@aws-sdk/middleware-recursion-detection/-/middleware-recursion-detection-3.391.0.tgz#010334cd7945b4b6712f33e2bf0f54d69f214e7b"
  integrity sha512-hVR3z59G7pX4pjDQs9Ag1tMgbLeGXOzeAAaNP9fEtHSd3KBMAGQgN3K3b9WPjzE2W0EoloHRJMK4qxZErdde2g==
  dependencies:
    "@aws-sdk/types" "3.391.0"
    "@smithy/protocol-http" "^2.0.3"
    "@smithy/types" "^2.2.0"
    tslib "^2.5.0"

"@aws-sdk/middleware-sdk-sts@3.391.0":
  version "3.391.0"
  resolved "https://registry.yarnpkg.com/@aws-sdk/middleware-sdk-sts/-/middleware-sdk-sts-3.391.0.tgz#0e0254ab4c59577c8646ab67939039d977ba93c0"
  integrity sha512-6ZXI3Z4QU+TnT5PwKWloGmRHG81tWeI18/zxf9wWzrO2NhYFvITzEJH0vWLLiXdWtn/BYfLULXtDvkTaepbI5A==
  dependencies:
    "@aws-sdk/middleware-signing" "3.391.0"
    "@aws-sdk/types" "3.391.0"
    "@smithy/types" "^2.2.0"
    tslib "^2.5.0"

"@aws-sdk/middleware-signing@3.391.0":
  version "3.391.0"
  resolved "https://registry.yarnpkg.com/@aws-sdk/middleware-signing/-/middleware-signing-3.391.0.tgz#f16ca8a9a3fa750f4f0f6a4b1baeb4899bf675f6"
  integrity sha512-2pAJJlZqaHc0d+cz2FTVrQmWi8ygKfqfczHUo/loCtOaMNtWXBHb/JsLEecs6cXdizy6gi3YsLz6VZYwY4Ssxw==
  dependencies:
    "@aws-sdk/types" "3.391.0"
    "@smithy/property-provider" "^2.0.0"
    "@smithy/protocol-http" "^2.0.3"
    "@smithy/signature-v4" "^2.0.0"
    "@smithy/types" "^2.2.0"
    "@smithy/util-middleware" "^2.0.0"
    tslib "^2.5.0"

"@aws-sdk/middleware-user-agent@3.391.0":
  version "3.391.0"
  resolved "https://registry.yarnpkg.com/@aws-sdk/middleware-user-agent/-/middleware-user-agent-3.391.0.tgz#bcbafbefc1e04966acab4f19662c8a4cea90e7a4"
  integrity sha512-LdK9uMNA14zqRw3B79Mhy7GX36qld/GYo93xuu+lr+AQ98leZEdc6GUbrtNDI3fP1Z8TMQcyHUKBml4/B+wXpQ==
  dependencies:
    "@aws-sdk/types" "3.391.0"
    "@aws-sdk/util-endpoints" "3.391.0"
    "@smithy/protocol-http" "^2.0.3"
    "@smithy/types" "^2.2.0"
    tslib "^2.5.0"

"@aws-sdk/token-providers@3.391.0":
  version "3.391.0"
  resolved "https://registry.yarnpkg.com/@aws-sdk/token-providers/-/token-providers-3.391.0.tgz#a6706d88e3a5d603c263a4d505fd1186e9cee171"
  integrity sha512-kgfArsKLDJE71qQjfXiHiM5cZqgDHlMsqEx35+A65GmTWJaS1PGDqu3ZvVVU8E5mxnCCLw7vho21fsjvH6TBpg==
  dependencies:
    "@aws-crypto/sha256-browser" "3.0.0"
    "@aws-crypto/sha256-js" "3.0.0"
    "@aws-sdk/middleware-host-header" "3.391.0"
    "@aws-sdk/middleware-logger" "3.391.0"
    "@aws-sdk/middleware-recursion-detection" "3.391.0"
    "@aws-sdk/middleware-user-agent" "3.391.0"
    "@aws-sdk/types" "3.391.0"
    "@aws-sdk/util-endpoints" "3.391.0"
    "@aws-sdk/util-user-agent-browser" "3.391.0"
    "@aws-sdk/util-user-agent-node" "3.391.0"
    "@smithy/config-resolver" "^2.0.3"
    "@smithy/fetch-http-handler" "^2.0.3"
    "@smithy/hash-node" "^2.0.3"
    "@smithy/invalid-dependency" "^2.0.3"
    "@smithy/middleware-content-length" "^2.0.3"
    "@smithy/middleware-endpoint" "^2.0.3"
    "@smithy/middleware-retry" "^2.0.3"
    "@smithy/middleware-serde" "^2.0.3"
    "@smithy/middleware-stack" "^2.0.0"
    "@smithy/node-config-provider" "^2.0.3"
    "@smithy/node-http-handler" "^2.0.3"
    "@smithy/property-provider" "^2.0.0"
    "@smithy/protocol-http" "^2.0.3"
    "@smithy/shared-ini-file-loader" "^2.0.0"
    "@smithy/smithy-client" "^2.0.3"
    "@smithy/types" "^2.2.0"
    "@smithy/url-parser" "^2.0.3"
    "@smithy/util-base64" "^2.0.0"
    "@smithy/util-body-length-browser" "^2.0.0"
    "@smithy/util-body-length-node" "^2.0.0"
    "@smithy/util-defaults-mode-browser" "^2.0.3"
    "@smithy/util-defaults-mode-node" "^2.0.3"
    "@smithy/util-retry" "^2.0.0"
    "@smithy/util-utf8" "^2.0.0"
    tslib "^2.5.0"

"@aws-sdk/types@3.391.0", "@aws-sdk/types@3.x", "@aws-sdk/types@^3.222.0":
  version "3.391.0"
  resolved "https://registry.yarnpkg.com/@aws-sdk/types/-/types-3.391.0.tgz#d49b0130943f0c60fd9bc99b2a47ec9720e2dd07"
  integrity sha512-QpYVFKMOnzHz/JMj/b8wb18qxiT92U/5r5MmtRz2R3LOH6ooTO96k4ozXCrYr0qNed1PAnOj73rPrrH2wnCJKQ==
  dependencies:
    "@smithy/types" "^2.2.0"
    tslib "^2.5.0"

"@aws-sdk/util-dynamodb@3.395.0", "@aws-sdk/util-dynamodb@3.x":
  version "3.395.0"
  resolved "https://registry.yarnpkg.com/@aws-sdk/util-dynamodb/-/util-dynamodb-3.395.0.tgz#d2b92a2f0fc6e1434c43a282f144b3f9f125f742"
  integrity sha512-hc97G4f75+xoOn2stERwORvsuugZ6mYPJIdCuaapxWFckqHc8H0jBnEFA1z8XbPVIZdvtS23ixcXOOM4TBWXuA==
  dependencies:
    tslib "^2.5.0"

"@aws-sdk/util-endpoints@3.391.0":
  version "3.391.0"
  resolved "https://registry.yarnpkg.com/@aws-sdk/util-endpoints/-/util-endpoints-3.391.0.tgz#eb93e1331bd93773c05938001298a6c28e6db571"
  integrity sha512-zv4sYDTQhNxyLoekcE02/nk3xvoo6yCHDy1kDJk0MFxOKaqUB+CvZdQBR4YBLSDlD4o4DUBmdYgKT58FfbM8sQ==
  dependencies:
    "@aws-sdk/types" "3.391.0"
    tslib "^2.5.0"

"@aws-sdk/util-locate-window@^3.0.0":
  version "3.310.0"
  resolved "https://registry.yarnpkg.com/@aws-sdk/util-locate-window/-/util-locate-window-3.310.0.tgz#b071baf050301adee89051032bd4139bba32cc40"
  integrity sha512-qo2t/vBTnoXpjKxlsC2e1gBrRm80M3bId27r0BRB2VniSSe7bL1mmzM+/HFtujm0iAxtPM+aLEflLJlJeDPg0w==
  dependencies:
    tslib "^2.5.0"

"@aws-sdk/util-user-agent-browser@3.391.0":
  version "3.391.0"
  resolved "https://registry.yarnpkg.com/@aws-sdk/util-user-agent-browser/-/util-user-agent-browser-3.391.0.tgz#8ae8f4c9133be90a1ad9efe06b3e1f1ecdad24a6"
  integrity sha512-6ipHOB1WdCBNeAMJauN7l2qNE0WLVaTNhkD290/ElXm1FHGTL8yw6lIDIjhIFO1bmbZxDiKApwDiG7ROhaJoxQ==
  dependencies:
    "@aws-sdk/types" "3.391.0"
    "@smithy/types" "^2.2.0"
    bowser "^2.11.0"
    tslib "^2.5.0"

"@aws-sdk/util-user-agent-node@3.391.0":
  version "3.391.0"
  resolved "https://registry.yarnpkg.com/@aws-sdk/util-user-agent-node/-/util-user-agent-node-3.391.0.tgz#f15961e3ce64354912f16a644e1db27d2d431f42"
  integrity sha512-PVvAK/Lf4BdB1eJIZtyFpGSslGQwKpYt9/hKs5NlR+qxBMXU9T0DnTqH4GiXZaazvXr7OUVWitIF2b7iKBMTow==
  dependencies:
    "@aws-sdk/types" "3.391.0"
    "@smithy/node-config-provider" "^2.0.3"
    "@smithy/types" "^2.2.0"
    tslib "^2.5.0"

"@aws-sdk/util-utf8-browser@^3.0.0":
  version "3.259.0"
  resolved "https://registry.yarnpkg.com/@aws-sdk/util-utf8-browser/-/util-utf8-browser-3.259.0.tgz#3275a6f5eb334f96ca76635b961d3c50259fd9ff"
  integrity sha512-UvFa/vR+e19XookZF8RzFZBrw2EUkQWxiBW0yYQAhvk3C+QVGl0H3ouca8LDBlBfQKXwmW3huo/59H8rwb1wJw==
  dependencies:
    tslib "^2.3.1"

"@cspotcode/source-map-support@^0.8.0":
  version "0.8.1"
  resolved "https://registry.yarnpkg.com/@cspotcode/source-map-support/-/source-map-support-0.8.1.tgz#00629c35a688e05a88b1cda684fb9d5e73f000a1"
  integrity sha512-IchNf6dN4tHoMFIn/7OE8LWZ19Y6q/67Bmf6vnGREv8RSbBVb9LPJxEcnwrcwX6ixSvaiGoomAUvu4YSxXrVgw==
  dependencies:
    "@jridgewell/trace-mapping" "0.3.9"

"@jridgewell/resolve-uri@^3.0.3":
  version "3.1.1"
  resolved "https://registry.yarnpkg.com/@jridgewell/resolve-uri/-/resolve-uri-3.1.1.tgz#c08679063f279615a3326583ba3a90d1d82cc721"
  integrity sha512-dSYZh7HhCDtCKm4QakX0xFpsRDqjjtZf/kjI/v3T3Nwt5r8/qz/M19F9ySyOqU94SXBmeG9ttTul+YnR4LOxFA==

"@jridgewell/sourcemap-codec@^1.4.10":
  version "1.4.15"
  resolved "https://registry.yarnpkg.com/@jridgewell/sourcemap-codec/-/sourcemap-codec-1.4.15.tgz#d7c6e6755c78567a951e04ab52ef0fd26de59f32"
  integrity sha512-eF2rxCRulEKXHTRiDrDy6erMYWqNw4LPdQ8UQA4huuxaQsVeRPFl2oM8oDGxMFhJUWZf9McpLtJasDDZb/Bpeg==

"@jridgewell/trace-mapping@0.3.9":
  version "0.3.9"
  resolved "https://registry.yarnpkg.com/@jridgewell/trace-mapping/-/trace-mapping-0.3.9.tgz#6534fd5933a53ba7cbf3a17615e273a0d1273ff9"
  integrity sha512-3Belt6tdc8bPgAtbcmdtNJlirVoTmEb5e2gC94PnkwEW9jI6CAHUeoG85tjWP5WquqfavoMtMwiG4P926ZKKuQ==
  dependencies:
    "@jridgewell/resolve-uri" "^3.0.3"
    "@jridgewell/sourcemap-codec" "^1.4.10"

"@smithy/abort-controller@^2.0.5":
  version "2.0.5"
  resolved "https://registry.yarnpkg.com/@smithy/abort-controller/-/abort-controller-2.0.5.tgz#9602a9b362e84c0d043d820c4aba5d9b78028a84"
  integrity sha512-byVZ2KWLMPYAZGKjRpniAzLcygJO4ruClZKdJTuB0eCB76ONFTdptBHlviHpAZXknRz7skYWPfcgO9v30A1SyA==
  dependencies:
    "@smithy/types" "^2.2.2"
    tslib "^2.5.0"

"@smithy/config-resolver@^2.0.3", "@smithy/config-resolver@^2.0.5":
  version "2.0.5"
  resolved "https://registry.yarnpkg.com/@smithy/config-resolver/-/config-resolver-2.0.5.tgz#d64c1c83a773ca5a038146d4b537c202b6c6bfaf"
  integrity sha512-n0c2AXz+kjALY2FQr7Zy9zhYigXzboIh1AuUUVCqFBKFtdEvTwnwPXrTDoEehLiRTUHNL+4yzZ3s+D0kKYSLSg==
  dependencies:
    "@smithy/types" "^2.2.2"
    "@smithy/util-config-provider" "^2.0.0"
    "@smithy/util-middleware" "^2.0.0"
    tslib "^2.5.0"

"@smithy/credential-provider-imds@^2.0.0", "@smithy/credential-provider-imds@^2.0.5":
  version "2.0.5"
  resolved "https://registry.yarnpkg.com/@smithy/credential-provider-imds/-/credential-provider-imds-2.0.5.tgz#59e6f8d30beed9e966d418f47108bb4da371bbae"
  integrity sha512-KFcf/e0meFkQNyteJ65f1G19sgUEY1e5zL7hyAEUPz2SEfBmC9B37WyRq87G3MEEsvmAWwCRu7nFFYUKtR3svQ==
  dependencies:
    "@smithy/node-config-provider" "^2.0.5"
    "@smithy/property-provider" "^2.0.5"
    "@smithy/types" "^2.2.2"
    "@smithy/url-parser" "^2.0.5"
    tslib "^2.5.0"

"@smithy/eventstream-codec@^2.0.5":
  version "2.0.5"
  resolved "https://registry.yarnpkg.com/@smithy/eventstream-codec/-/eventstream-codec-2.0.5.tgz#771f50657f1958db3e19b9f2726d62e2e0672546"
  integrity sha512-iqR6OuOV3zbQK8uVs9o+9AxhVk8kW9NAxA71nugwUB+kTY9C35pUd0A5/m4PRT0Y0oIW7W4kgnSR3fdYXQjECw==
  dependencies:
    "@aws-crypto/crc32" "3.0.0"
    "@smithy/types" "^2.2.2"
    "@smithy/util-hex-encoding" "^2.0.0"
    tslib "^2.5.0"

"@smithy/fetch-http-handler@^2.0.3", "@smithy/fetch-http-handler@^2.0.5":
  version "2.0.5"
  resolved "https://registry.yarnpkg.com/@smithy/fetch-http-handler/-/fetch-http-handler-2.0.5.tgz#822510720598b4306e7c71e839eea34b6928c66b"
  integrity sha512-EzFoMowdBNy1VqtvkiXgPFEdosIAt4/4bgZ8uiDiUyfhmNXq/3bV+CagPFFBsgFOR/X2XK4zFZHRsoa7PNHVVg==
  dependencies:
    "@smithy/protocol-http" "^2.0.5"
    "@smithy/querystring-builder" "^2.0.5"
    "@smithy/types" "^2.2.2"
    "@smithy/util-base64" "^2.0.0"
    tslib "^2.5.0"

"@smithy/hash-node@^2.0.3":
  version "2.0.5"
  resolved "https://registry.yarnpkg.com/@smithy/hash-node/-/hash-node-2.0.5.tgz#f3558c1553f846148c3e5d10a815429e1b357668"
  integrity sha512-mk551hIywBITT+kXruRNXk7f8Fy7DTzBjZJSr/V6nolYKmUHIG3w5QU6nO9qPYEQGKc/yEPtkpdS28ndeG93lA==
  dependencies:
    "@smithy/types" "^2.2.2"
    "@smithy/util-buffer-from" "^2.0.0"
    "@smithy/util-utf8" "^2.0.0"
    tslib "^2.5.0"

"@smithy/invalid-dependency@^2.0.3":
  version "2.0.5"
  resolved "https://registry.yarnpkg.com/@smithy/invalid-dependency/-/invalid-dependency-2.0.5.tgz#b07bdbc43403977b8bcae6de19a96e184f2eb655"
  integrity sha512-0wEi+JT0hM+UUwrJVYbqjuGFhy5agY/zXyiN7BNAJ1XoCDjU5uaNSj8ekPWsXd/d4yM6NSe8UbPd8cOc1+3oBQ==
  dependencies:
    "@smithy/types" "^2.2.2"
    tslib "^2.5.0"

"@smithy/is-array-buffer@^2.0.0":
  version "2.0.0"
  resolved "https://registry.yarnpkg.com/@smithy/is-array-buffer/-/is-array-buffer-2.0.0.tgz#8fa9b8040651e7ba0b2f6106e636a91354ff7d34"
  integrity sha512-z3PjFjMyZNI98JFRJi/U0nGoLWMSJlDjAW4QUX2WNZLas5C0CmVV6LJ01JI0k90l7FvpmixjWxPFmENSClQ7ug==
  dependencies:
    tslib "^2.5.0"

"@smithy/middleware-content-length@^2.0.3":
  version "2.0.5"
  resolved "https://registry.yarnpkg.com/@smithy/middleware-content-length/-/middleware-content-length-2.0.5.tgz#b2008c6b664c4c67fb255ef5a9fd5f4bd2c914f6"
  integrity sha512-E7VwV5H02fgZIUGRli4GevBCAPvkyEI/fgl9SU47nPPi3DAAX3nEtUb8xfGbXjOcJ5BdSUoWWZn42tEd/blOqA==
  dependencies:
    "@smithy/protocol-http" "^2.0.5"
    "@smithy/types" "^2.2.2"
    tslib "^2.5.0"

"@smithy/middleware-endpoint@^2.0.3":
  version "2.0.5"
  resolved "https://registry.yarnpkg.com/@smithy/middleware-endpoint/-/middleware-endpoint-2.0.5.tgz#6a16361dc527262958194e48343733ac6285776b"
  integrity sha512-tyzDuoNTbsMQCq5Xkc4QOt6e2GACUllQIV8SQ5fc59FtOIV9/vbf58/GxVjZm2o8+MMbdDBANjTDZe/ijZKfyA==
  dependencies:
    "@smithy/middleware-serde" "^2.0.5"
    "@smithy/types" "^2.2.2"
    "@smithy/url-parser" "^2.0.5"
    "@smithy/util-middleware" "^2.0.0"
    tslib "^2.5.0"

"@smithy/middleware-retry@^2.0.3":
  version "2.0.5"
  resolved "https://registry.yarnpkg.com/@smithy/middleware-retry/-/middleware-retry-2.0.5.tgz#bbf8858aeccdfe11837f89635cb6ce8a8e304518"
  integrity sha512-ulIfbFyzQTVnJbLjUl1CTSi0etg6tej/ekwaLp0Gn8ybUkDkKYa+uB6CF/m2J5B6meRwyJlsryR+DjaOVyiicg==
  dependencies:
    "@smithy/protocol-http" "^2.0.5"
    "@smithy/service-error-classification" "^2.0.0"
    "@smithy/types" "^2.2.2"
    "@smithy/util-middleware" "^2.0.0"
    "@smithy/util-retry" "^2.0.0"
    tslib "^2.5.0"
    uuid "^8.3.2"

"@smithy/middleware-serde@^2.0.3", "@smithy/middleware-serde@^2.0.5":
  version "2.0.5"
  resolved "https://registry.yarnpkg.com/@smithy/middleware-serde/-/middleware-serde-2.0.5.tgz#3f3635cb437a3fba46cd1407d3adf53d41328574"
  integrity sha512-in0AA5sous74dOfTGU9rMJBXJ0bDVNxwdXtEt5lh3FVd2sEyjhI+rqpLLRF1E4ixbw3RSEf80hfRpcPdjg4vvQ==
  dependencies:
    "@smithy/types" "^2.2.2"
    tslib "^2.5.0"

"@smithy/middleware-stack@^2.0.0":
  version "2.0.0"
  resolved "https://registry.yarnpkg.com/@smithy/middleware-stack/-/middleware-stack-2.0.0.tgz#cd9f442c2788b1ef0ea6b32236d80c76b3c342e9"
  integrity sha512-31XC1xNF65nlbc16yuh3wwTudmqs6qy4EseQUGF8A/p2m/5wdd/cnXJqpniy/XvXVwkHPz/GwV36HqzHtIKATQ==
  dependencies:
    tslib "^2.5.0"

"@smithy/node-config-provider@^2.0.3", "@smithy/node-config-provider@^2.0.5":
  version "2.0.5"
  resolved "https://registry.yarnpkg.com/@smithy/node-config-provider/-/node-config-provider-2.0.5.tgz#239a6281e1d0bc2a0dd8fdab7826bacd25dfbf00"
  integrity sha512-LRtjV9WkhONe2lVy+ipB/l1GX60ybzBmFyeRUoLUXWKdnZ3o81jsnbKzMK8hKq8eFSWPk+Lmyx6ZzCQabGeLxg==
  dependencies:
    "@smithy/property-provider" "^2.0.5"
    "@smithy/shared-ini-file-loader" "^2.0.5"
    "@smithy/types" "^2.2.2"
    tslib "^2.5.0"

"@smithy/node-http-handler@^2.0.3", "@smithy/node-http-handler@^2.0.5":
  version "2.0.5"
  resolved "https://registry.yarnpkg.com/@smithy/node-http-handler/-/node-http-handler-2.0.5.tgz#19c1bdd4d61502bc9c793dddb8ce995626ca6585"
  integrity sha512-lZm5DZf4b3V0saUw9WTC4/du887P6cy2fUyQgQQKRRV6OseButyD5yTzeMmXE53CaXJBMBsUvvIQ0hRVxIq56w==
  dependencies:
    "@smithy/abort-controller" "^2.0.5"
    "@smithy/protocol-http" "^2.0.5"
    "@smithy/querystring-builder" "^2.0.5"
    "@smithy/types" "^2.2.2"
    tslib "^2.5.0"

"@smithy/property-provider@^2.0.0", "@smithy/property-provider@^2.0.5":
  version "2.0.5"
  resolved "https://registry.yarnpkg.com/@smithy/property-provider/-/property-provider-2.0.5.tgz#7cc88bc56706a4758076754a71c6a9ebf5daa8a7"
  integrity sha512-cAFSUhX6aiHcmpWfrCLKvwBtgN1F6A0N8qY/8yeSi0LRLmhGqsY1/YTxFE185MCVzYbqBGXVr9TBv4RUcIV4rA==
  dependencies:
    "@smithy/types" "^2.2.2"
    tslib "^2.5.0"

"@smithy/protocol-http@^2.0.3", "@smithy/protocol-http@^2.0.5":
  version "2.0.5"
  resolved "https://registry.yarnpkg.com/@smithy/protocol-http/-/protocol-http-2.0.5.tgz#ff7779fc8fcd3fe52e71fd07565b518f0937e8ba"
  integrity sha512-d2hhHj34mA2V86doiDfrsy2fNTnUOowGaf9hKb0hIPHqvcnShU4/OSc4Uf1FwHkAdYF3cFXTrj5VGUYbEuvMdw==
  dependencies:
    "@smithy/types" "^2.2.2"
    tslib "^2.5.0"

"@smithy/querystring-builder@^2.0.5":
  version "2.0.5"
  resolved "https://registry.yarnpkg.com/@smithy/querystring-builder/-/querystring-builder-2.0.5.tgz#c5a873769de56ef57ae3b4d2c58fc7f68184a89c"
  integrity sha512-4DCX9krxLzATj+HdFPC3i8pb7XTAWzzKqSw8aTZMjXjtQY+vhe4azMAqIvbb6g7JKwIkmkRAjK6EXO3YWSnJVQ==
  dependencies:
    "@smithy/types" "^2.2.2"
    "@smithy/util-uri-escape" "^2.0.0"
    tslib "^2.5.0"

"@smithy/querystring-parser@^2.0.5":
  version "2.0.5"
  resolved "https://registry.yarnpkg.com/@smithy/querystring-parser/-/querystring-parser-2.0.5.tgz#aec6733ed4497402634978e7026d0d00661594d6"
  integrity sha512-C2stCULH0r54KBksv3AWcN8CLS3u9+WsEW8nBrvctrJ5rQTNa1waHkffpVaiKvcW2nP0aIMBPCobD/kYf/q9mA==
  dependencies:
    "@smithy/types" "^2.2.2"
    tslib "^2.5.0"

"@smithy/service-error-classification@^2.0.0":
  version "2.0.0"
  resolved "https://registry.yarnpkg.com/@smithy/service-error-classification/-/service-error-classification-2.0.0.tgz#bbce07c9c529d9333d40db881fd4a1795dd84892"
  integrity sha512-2z5Nafy1O0cTf69wKyNjGW/sNVMiqDnb4jgwfMG8ye8KnFJ5qmJpDccwIbJNhXIfbsxTg9SEec2oe1cexhMJvw==

"@smithy/shared-ini-file-loader@^2.0.0", "@smithy/shared-ini-file-loader@^2.0.5":
  version "2.0.5"
  resolved "https://registry.yarnpkg.com/@smithy/shared-ini-file-loader/-/shared-ini-file-loader-2.0.5.tgz#c2b28b499f2b9928e892a80fcdeb259b2938475c"
  integrity sha512-Mvtk6FwMtfbKRC4YuSsIqRYp9WTxsSUJVVo2djgyhcacKGMqicHDWSAmgy3sDrKv+G/G6xTZCPwm6pJARtdxVg==
  dependencies:
    "@smithy/types" "^2.2.2"
    tslib "^2.5.0"

"@smithy/signature-v4@^2.0.0":
  version "2.0.5"
  resolved "https://registry.yarnpkg.com/@smithy/signature-v4/-/signature-v4-2.0.5.tgz#48fbc1a25f2f44bbd9217927518c8fe439419f4d"
  integrity sha512-ABIzXmUDXK4n2c9cXjQLELgH2RdtABpYKT+U131e2I6RbCypFZmxIHmIBufJzU2kdMCQ3+thBGDWorAITFW04A==
  dependencies:
    "@smithy/eventstream-codec" "^2.0.5"
    "@smithy/is-array-buffer" "^2.0.0"
    "@smithy/types" "^2.2.2"
    "@smithy/util-hex-encoding" "^2.0.0"
    "@smithy/util-middleware" "^2.0.0"
    "@smithy/util-uri-escape" "^2.0.0"
    "@smithy/util-utf8" "^2.0.0"
    tslib "^2.5.0"

"@smithy/smithy-client@^2.0.3":
  version "2.0.5"
  resolved "https://registry.yarnpkg.com/@smithy/smithy-client/-/smithy-client-2.0.5.tgz#7941449f146d2c61d34670779d77d4a085141bc1"
  integrity sha512-kCTFr8wfOAWKDzGvfBElc6shHigWtHNhMQ1IbosjC4jOlayFyZMSs2PysKB+Ox/dhQ41KqOzgVjgiQ+PyWqHMQ==
  dependencies:
    "@smithy/middleware-stack" "^2.0.0"
    "@smithy/types" "^2.2.2"
    "@smithy/util-stream" "^2.0.5"
    tslib "^2.5.0"

"@smithy/types@^2.2.0", "@smithy/types@^2.2.2":
  version "2.2.2"
  resolved "https://registry.yarnpkg.com/@smithy/types/-/types-2.2.2.tgz#bd8691eb92dd07ac33b83e0e1c45f283502b1bf7"
  integrity sha512-4PS0y1VxDnELGHGgBWlDksB2LJK8TG8lcvlWxIsgR+8vROI7Ms8h1P4FQUx+ftAX2QZv5g1CJCdhdRmQKyonyw==
  dependencies:
    tslib "^2.5.0"

"@smithy/url-parser@^2.0.3", "@smithy/url-parser@^2.0.5":
  version "2.0.5"
  resolved "https://registry.yarnpkg.com/@smithy/url-parser/-/url-parser-2.0.5.tgz#09fa623076bb5861892930628bf368d5c79fd7d9"
  integrity sha512-OdMBvZhpckQSkugCXNJQCvqJ71wE7Ftxce92UOQLQ9pwF6hoS5PLL7wEfpnuEXtStzBqJYkzu1C1ZfjuFGOXAA==
  dependencies:
    "@smithy/querystring-parser" "^2.0.5"
    "@smithy/types" "^2.2.2"
    tslib "^2.5.0"

"@smithy/util-base64@^2.0.0":
  version "2.0.0"
  resolved "https://registry.yarnpkg.com/@smithy/util-base64/-/util-base64-2.0.0.tgz#1beeabfb155471d1d41c8d0603be1351f883c444"
  integrity sha512-Zb1E4xx+m5Lud8bbeYi5FkcMJMnn+1WUnJF3qD7rAdXpaL7UjkFQLdmW5fHadoKbdHpwH9vSR8EyTJFHJs++tA==
  dependencies:
    "@smithy/util-buffer-from" "^2.0.0"
    tslib "^2.5.0"

"@smithy/util-body-length-browser@^2.0.0":
  version "2.0.0"
  resolved "https://registry.yarnpkg.com/@smithy/util-body-length-browser/-/util-body-length-browser-2.0.0.tgz#5447853003b4c73da3bc5f3c5e82c21d592d1650"
  integrity sha512-JdDuS4ircJt+FDnaQj88TzZY3+njZ6O+D3uakS32f2VNnDo3vyEuNdBOh/oFd8Df1zSZOuH1HEChk2AOYDezZg==
  dependencies:
    tslib "^2.5.0"

"@smithy/util-body-length-node@^2.0.0":
  version "2.1.0"
  resolved "https://registry.yarnpkg.com/@smithy/util-body-length-node/-/util-body-length-node-2.1.0.tgz#313a5f7c5017947baf5fa018bfc22628904bbcfa"
  integrity sha512-/li0/kj/y3fQ3vyzn36NTLGmUwAICb7Jbe/CsWCktW363gh1MOcpEcSO3mJ344Gv2dqz8YJCLQpb6hju/0qOWw==
  dependencies:
    tslib "^2.5.0"

"@smithy/util-buffer-from@^2.0.0":
  version "2.0.0"
  resolved "https://registry.yarnpkg.com/@smithy/util-buffer-from/-/util-buffer-from-2.0.0.tgz#7eb75d72288b6b3001bc5f75b48b711513091deb"
  integrity sha512-/YNnLoHsR+4W4Vf2wL5lGv0ksg8Bmk3GEGxn2vEQt52AQaPSCuaO5PM5VM7lP1K9qHRKHwrPGktqVoAHKWHxzw==
  dependencies:
    "@smithy/is-array-buffer" "^2.0.0"
    tslib "^2.5.0"

"@smithy/util-config-provider@^2.0.0":
  version "2.0.0"
  resolved "https://registry.yarnpkg.com/@smithy/util-config-provider/-/util-config-provider-2.0.0.tgz#4dd6a793605559d94267312fd06d0f58784b4c38"
  integrity sha512-xCQ6UapcIWKxXHEU4Mcs2s7LcFQRiU3XEluM2WcCjjBtQkUN71Tb+ydGmJFPxMUrW/GWMgQEEGipLym4XG0jZg==
  dependencies:
    tslib "^2.5.0"

"@smithy/util-defaults-mode-browser@^2.0.3":
  version "2.0.5"
  resolved "https://registry.yarnpkg.com/@smithy/util-defaults-mode-browser/-/util-defaults-mode-browser-2.0.5.tgz#36d5424749d324bd69f37c74ea20a183f8c2286e"
  integrity sha512-yciP6TPttLsj731aHTvekgyuCGXQrEAJibEwEWAh3kzaDsfGAVCuZSBlyvC2Dl3TZmHKCOQwHV8mIE7KQCTPuQ==
  dependencies:
    "@smithy/property-provider" "^2.0.5"
    "@smithy/types" "^2.2.2"
    bowser "^2.11.0"
    tslib "^2.5.0"

"@smithy/util-defaults-mode-node@^2.0.3":
  version "2.0.5"
  resolved "https://registry.yarnpkg.com/@smithy/util-defaults-mode-node/-/util-defaults-mode-node-2.0.5.tgz#504dd39a603fd2d67e53537c794dd57e6541baae"
  integrity sha512-M07t99rWasXt+IaDZDyP3BkcoEm/mgIE1RIMASrE49LKSNxaVN7PVcgGc77+4uu2kzBAyqJKy79pgtezuknyjQ==
  dependencies:
    "@smithy/config-resolver" "^2.0.5"
    "@smithy/credential-provider-imds" "^2.0.5"
    "@smithy/node-config-provider" "^2.0.5"
    "@smithy/property-provider" "^2.0.5"
    "@smithy/types" "^2.2.2"
    tslib "^2.5.0"

"@smithy/util-hex-encoding@^2.0.0":
  version "2.0.0"
  resolved "https://registry.yarnpkg.com/@smithy/util-hex-encoding/-/util-hex-encoding-2.0.0.tgz#0aa3515acd2b005c6d55675e377080a7c513b59e"
  integrity sha512-c5xY+NUnFqG6d7HFh1IFfrm3mGl29lC+vF+geHv4ToiuJCBmIfzx6IeHLg+OgRdPFKDXIw6pvi+p3CsscaMcMA==
  dependencies:
    tslib "^2.5.0"

"@smithy/util-middleware@^2.0.0":
  version "2.0.0"
  resolved "https://registry.yarnpkg.com/@smithy/util-middleware/-/util-middleware-2.0.0.tgz#706681d4a1686544a2275f68266304233f372c99"
  integrity sha512-eCWX4ECuDHn1wuyyDdGdUWnT4OGyIzV0LN1xRttBFMPI9Ff/4heSHVxneyiMtOB//zpXWCha1/SWHJOZstG7kA==
  dependencies:
    tslib "^2.5.0"

"@smithy/util-retry@^2.0.0":
  version "2.0.0"
  resolved "https://registry.yarnpkg.com/@smithy/util-retry/-/util-retry-2.0.0.tgz#7ac5d5f12383a9d9b2a43f9ff25f3866c8727c24"
  integrity sha512-/dvJ8afrElasuiiIttRJeoS2sy8YXpksQwiM/TcepqdRVp7u4ejd9C4IQURHNjlfPUT7Y6lCDSa2zQJbdHhVTg==
  dependencies:
    "@smithy/service-error-classification" "^2.0.0"
    tslib "^2.5.0"

"@smithy/util-stream@^2.0.5":
  version "2.0.5"
  resolved "https://registry.yarnpkg.com/@smithy/util-stream/-/util-stream-2.0.5.tgz#a59f6e5327dfa23c3302f578ea023674fc7fa42f"
  integrity sha512-ylx27GwI05xLpYQ4hDIfS15vm+wYjNN0Sc2P0FxuzgRe8v0BOLHppGIQ+Bezcynk8C9nUzsUue3TmtRhjut43g==
  dependencies:
    "@smithy/fetch-http-handler" "^2.0.5"
    "@smithy/node-http-handler" "^2.0.5"
    "@smithy/types" "^2.2.2"
    "@smithy/util-base64" "^2.0.0"
    "@smithy/util-buffer-from" "^2.0.0"
    "@smithy/util-hex-encoding" "^2.0.0"
    "@smithy/util-utf8" "^2.0.0"
    tslib "^2.5.0"

"@smithy/util-uri-escape@^2.0.0":
  version "2.0.0"
  resolved "https://registry.yarnpkg.com/@smithy/util-uri-escape/-/util-uri-escape-2.0.0.tgz#19955b1a0f517a87ae77ac729e0e411963dfda95"
  integrity sha512-ebkxsqinSdEooQduuk9CbKcI+wheijxEb3utGXkCoYQkJnwTnLbH1JXGimJtUkQwNQbsbuYwG2+aFVyZf5TLaw==
  dependencies:
    tslib "^2.5.0"

"@smithy/util-utf8@^2.0.0":
  version "2.0.0"
  resolved "https://registry.yarnpkg.com/@smithy/util-utf8/-/util-utf8-2.0.0.tgz#b4da87566ea7757435e153799df9da717262ad42"
  integrity sha512-rctU1VkziY84n5OXe3bPNpKR001ZCME2JCaBBFgtiM2hfKbHFudc/BkMuPab8hRbLd0j3vbnBTTZ1igBf0wgiQ==
  dependencies:
    "@smithy/util-buffer-from" "^2.0.0"
    tslib "^2.5.0"

"@smithy/util-waiter@^2.0.3":
  version "2.0.5"
  resolved "https://registry.yarnpkg.com/@smithy/util-waiter/-/util-waiter-2.0.5.tgz#e42161e03c53cf6726dca049ad9a105ea0967435"
  integrity sha512-1lkkUmI/bhaDX+LIT3RiUNAn+NzPmsWjE7beMq0oQ3H1/CffaILIN67riDA0aE1YBj6xll7uWMIy4tJqc+peXw==
  dependencies:
    "@smithy/abort-controller" "^2.0.5"
    "@smithy/types" "^2.2.2"
    tslib "^2.5.0"

"@symphoniacloud/dynamodb-entity-store@*":
  version "0.0.4"
  resolved "https://registry.yarnpkg.com/@symphoniacloud/dynamodb-entity-store/-/dynamodb-entity-store-0.0.4.tgz#d693cd2b6a1be0545a1b90351f2c6a3d3fe813ec"
  integrity sha512-YjzFzT4uffMchEapk1TaLiqMygHGfjQzMZEWKcREoDXdyZL4UA6kmVQeh05Rwykmry2+E7pQCDNrIyqqo4u+nw==
  dependencies:
    "@aws-sdk/client-dynamodb" "3.x"
    "@aws-sdk/lib-dynamodb" "3.x"
    "@aws-sdk/util-dynamodb" "3.x"

"@tsconfig/node10@^1.0.7":
  version "1.0.9"
  resolved "https://registry.yarnpkg.com/@tsconfig/node10/-/node10-1.0.9.tgz#df4907fc07a886922637b15e02d4cebc4c0021b2"
  integrity sha512-jNsYVVxU8v5g43Erja32laIDHXeoNvFEpX33OK4d6hljo3jDhCBDhx5dhCCTMWUojscpAagGiRkBKxpdl9fxqA==

"@tsconfig/node12@^1.0.7":
  version "1.0.11"
  resolved "https://registry.yarnpkg.com/@tsconfig/node12/-/node12-1.0.11.tgz#ee3def1f27d9ed66dac6e46a295cffb0152e058d"
  integrity sha512-cqefuRsh12pWyGsIoBKJA9luFu3mRxCA+ORZvA4ktLSzIuCUtWVxGIuXigEwO5/ywWFMZ2QEGKWvkZG1zDMTag==

"@tsconfig/node14@^1.0.0":
  version "1.0.3"
  resolved "https://registry.yarnpkg.com/@tsconfig/node14/-/node14-1.0.3.tgz#e4386316284f00b98435bf40f72f75a09dabf6c1"
  integrity sha512-ysT8mhdixWK6Hw3i1V2AeRqZ5WfXg1G43mqoYlM2nc6388Fq5jcXyr5mRsqViLx/GJYdoL0bfXD8nmF+Zn/Iow==

"@tsconfig/node16@^1.0.2":
  version "1.0.4"
  resolved "https://registry.yarnpkg.com/@tsconfig/node16/-/node16-1.0.4.tgz#0b92dcc0cc1c81f6f306a381f28e31b1a56536e9"
  integrity sha512-vxhUy4J8lyeyinH7Azl1pdd43GJhZH/tP2weN8TntQblOY+A0XbT8DJk1/oCPuOOyg/Ja757rG0CgHcWC8OfMA==

"@types/deep-equal@1.x":
  version "1.0.1"
  resolved "https://registry.yarnpkg.com/@types/deep-equal/-/deep-equal-1.0.1.tgz#71cfabb247c22bcc16d536111f50c0ed12476b03"
  integrity sha512-mMUu4nWHLBlHtxXY17Fg6+ucS/MnndyOWyOe7MmwkoMYxvfQU2ajtRaEvqSUv+aVkMqH/C0NCI8UoVfRNQ10yg==

"@types/node@14.x":
  version "14.18.55"
  resolved "https://registry.yarnpkg.com/@types/node/-/node-14.18.55.tgz#c60ad83c7d87c2d933cc4c1cb7d54d98ae50e460"
  integrity sha512-PiNZnJDie6lgSWfjWYcQ8KWrEHp0bGv1WgnQAUuaao/HpUBKNX+HXubScoMRdLXBuovbte0djGtsxiWScvlQUQ==

acorn-walk@^8.1.1:
  version "8.2.0"
  resolved "https://registry.yarnpkg.com/acorn-walk/-/acorn-walk-8.2.0.tgz#741210f2e2426454508853a2f44d0ab83b7f69c1"
  integrity sha512-k+iyHEuPgSw6SbuDpGQM+06HQUa04DZ3o+F6CSzXMvvI5KMvnaEqXe+YVe555R9nn6GPt404fos4wcgpw12SDA==

acorn@^8.4.1:
  version "8.10.0"
  resolved "https://registry.yarnpkg.com/acorn/-/acorn-8.10.0.tgz#8be5b3907a67221a81ab23c7889c4c5526b62ec5"
  integrity sha512-F0SAmZ8iUtS//m8DmCTA0jlh6TDKkHQyK6xc6V4KDTyZKA9dnvX9/3sRTVQrWm79glUAZbnmmNcdYwUIHWVybw==

arg@^4.1.0:
  version "4.1.3"
  resolved "https://registry.yarnpkg.com/arg/-/arg-4.1.3.tgz#269fc7ad5b8e42cb63c896d5666017261c144089"
  integrity sha512-58S9QDqG0Xx27YwPSt9fJxivjYl432YCwfDMfZ+71RAqUrZef7LrKQZ3LHLOwCS4FLNBplP533Zx895SeOCHvA==

bowser@^2.11.0:
  version "2.11.0"
  resolved "https://registry.yarnpkg.com/bowser/-/bowser-2.11.0.tgz#5ca3c35757a7aa5771500c70a73a9f91ef420a8f"
  integrity sha512-AlcaJBi/pqqJBIQ8U9Mcpc9i8Aqxn88Skv5d+xBX006BY5u8N3mGLHa5Lgppa7L/HfwgwLgZ6NYs+Ag6uUmJRA==

create-require@^1.1.0:
  version "1.1.1"
  resolved "https://registry.yarnpkg.com/create-require/-/create-require-1.1.1.tgz#c1d7e8f1e5f6cfc9ff65f9cd352d37348756c333"
  integrity sha512-dcKFX3jn0MpIaXjisoRvexIJVEKzaq7z2rZKxf+MSr9TkdmHmsU4m2lcLojrj/FHl8mk5VxMmYA+ftRkP/3oKQ==

diff@^4.0.1:
  version "4.0.2"
  resolved "https://registry.yarnpkg.com/diff/-/diff-4.0.2.tgz#60f3aecb89d5fae520c11aa19efc2bb982aade7d"
  integrity sha512-58lmxKSA4BNyLz+HHMUzlOEpg09FV+ev6ZMe3vJihgdxzgcwZ8VoEEPmALCZG9LmqfVoNMMKpttIYTVG6uDY7A==

fast-xml-parser@4.2.5:
  version "4.2.5"
  resolved "https://registry.yarnpkg.com/fast-xml-parser/-/fast-xml-parser-4.2.5.tgz#a6747a09296a6cb34f2ae634019bf1738f3b421f"
  integrity sha512-B9/wizE4WngqQftFPmdaMYlXoJlJOYxGQOanC77fq9k8+Z0v5dDSVh+3glErdIROP//s/jgb7ZuxKfB8nVyo0g==
  dependencies:
    strnum "^1.0.5"

make-error@^1.1.1:
  version "1.3.6"
  resolved "https://registry.yarnpkg.com/make-error/-/make-error-1.3.6.tgz#2eb2e37ea9b67c4891f684a1394799af484cf7a2"
  integrity sha512-s8UhlNe7vPKomQhC1qFelMokr/Sc3AgNbso3n74mVPA5LTZwkB9NlXf4XPamLxJE8h0gh73rM94xvwRT2CVInw==

mnemonist@0.38.3:
  version "0.38.3"
  resolved "https://registry.yarnpkg.com/mnemonist/-/mnemonist-0.38.3.tgz#35ec79c1c1f4357cfda2fe264659c2775ccd7d9d"
  integrity sha512-2K9QYubXx/NAjv4VLq1d1Ly8pWNC5L3BrixtdkyTegXWJIqY+zLNDhhX/A+ZwWt70tB1S8H4BE8FLYEFyNoOBw==
  dependencies:
    obliterator "^1.6.1"

obliterator@^1.6.1:
  version "1.6.1"
  resolved "https://registry.yarnpkg.com/obliterator/-/obliterator-1.6.1.tgz#dea03e8ab821f6c4d96a299e17aef6a3af994ef3"
  integrity sha512-9WXswnqINnnhOG/5SLimUlzuU1hFJUc8zkwyD59Sd+dPOMf05PmnYG/d6Q7HZ+KmgkZJa1PxRso6QdM3sTNHig==

strnum@^1.0.5:
  version "1.0.5"
  resolved "https://registry.yarnpkg.com/strnum/-/strnum-1.0.5.tgz#5c4e829fe15ad4ff0d20c3db5ac97b73c9b072db"
  integrity sha512-J8bbNyKKXl5qYcR36TIO8W3mVGVHrmmxsd5PAItGkmyzwJvybiw2IVq5nqd0i4LSNSkB/sx9VHllbfFdr9k1JA==

ts-node@10.x:
  version "10.9.1"
  resolved "https://registry.yarnpkg.com/ts-node/-/ts-node-10.9.1.tgz#e73de9102958af9e1f0b168a6ff320e25adcff4b"
  integrity sha512-NtVysVPkxxrwFGUUxGYhfux8k78pQB3JqYBXlLRZgdGUqTO5wU/UyHop5p70iEbGhB7q5KmiZiU0Y3KlJrScEw==
  dependencies:
    "@cspotcode/source-map-support" "^0.8.0"
    "@tsconfig/node10" "^1.0.7"
    "@tsconfig/node12" "^1.0.7"
    "@tsconfig/node14" "^1.0.0"
    "@tsconfig/node16" "^1.0.2"
    acorn "^8.4.1"
    acorn-walk "^8.1.1"
    arg "^4.1.0"
    create-require "^1.1.0"
    diff "^4.0.1"
    make-error "^1.1.1"
    v8-compile-cache-lib "^3.0.1"
    yn "3.1.1"

tslib@^1.11.1:
  version "1.14.1"
  resolved "https://registry.yarnpkg.com/tslib/-/tslib-1.14.1.tgz#cf2d38bdc34a134bcaf1091c41f6619e2f672d00"
  integrity sha512-Xni35NKzjgMrwevysHTCArtLDpPvye8zV/0E4EyYn43P7/7qvQwPh9BGkHewbMulVntbigmcT7rdX3BNo9wRJg==

tslib@^2.3.1, tslib@^2.5.0:
  version "2.6.2"
  resolved "https://registry.yarnpkg.com/tslib/-/tslib-2.6.2.tgz#703ac29425e7b37cd6fd456e92404d46d1f3e4ae"
  integrity sha512-AEYxH93jGFPn/a2iVAwW87VuUIkR1FVUKB77NwMF7nBTDkDrrT/Hpt/IrCJ0QXhW27jTBDcf5ZY7w6RiqTMw2Q==

typescript@4.x:
  version "4.9.5"
  resolved "https://registry.yarnpkg.com/typescript/-/typescript-4.9.5.tgz#095979f9bcc0d09da324d58d03ce8f8374cbe65a"
  integrity sha512-1FXk9E2Hm+QzZQ7z+McJiHL4NW1F2EzMu9Nq9i3zAaGqibafqYwCVU6WyWAuyQRRzOlxou8xZSyXLEN8oKj24g==

uuid@^8.3.2:
  version "8.3.2"
  resolved "https://registry.yarnpkg.com/uuid/-/uuid-8.3.2.tgz#80d5b5ced271bb9af6c445f21a1a04c606cefbe2"
  integrity sha512-+NYs2QeMWy+GWFOEm9xnn6HCDp0l7QBD7ml8zLUmJ+93Q5NF0NocErnwkTkXVFNiX3/fpC6afS8Dhb/gz7R7eg==

v8-compile-cache-lib@^3.0.1:
  version "3.0.1"
  resolved "https://registry.yarnpkg.com/v8-compile-cache-lib/-/v8-compile-cache-lib-3.0.1.tgz#6336e8d71965cb3d35a1bbb7868445a7c05264bf"
  integrity sha512-wa7YjyUGfNZngI/vtK0UHAN+lgDCxBPCylVXGp0zu59Fz5aiGtNXaq3DhIov063MorB+VfufLh3JlF2KdTK3xg==

yn@3.1.1:
  version "3.1.1"
  resolved "https://registry.yarnpkg.com/yn/-/yn-3.1.1.tgz#1e87401a09d767c1d5eab26a6e4c185182d2eb50"
  integrity sha512-Ux4ygGWsu2c7isFWe8Yu1YluJmqVhxqK2cLXNQA5AcC3QfbGNpM7fu0Y8b/z16pXLnFxZYvWhd3fhBY9DLmC6Q==
